#MicroXplorer Configuration settings - do not modify
ADC1.Channel-0\#ChannelRegularConversion=ADC_CHANNEL_0
ADC1.IPParameters=Rank-0\#ChannelRegularConversion,master,Channel-0\#ChannelRegularConversion,SamplingTime-0\#ChannelRegularConversion,NbrOfConversionFlag
ADC1.NbrOfConversionFlag=1
ADC1.Rank-0\#ChannelRegularConversion=1
ADC1.SamplingTime-0\#ChannelRegularConversion=ADC_SAMPLETIME_3CYCLES
ADC1.master=1
ADC2.Channel-0\#ChannelRegularConversion=ADC_CHANNEL_3
ADC2.IPParameters=Rank-0\#ChannelRegularConversion,Channel-0\#ChannelRegularConversion,SamplingTime-0\#ChannelRegularConversion,NbrOfConversionFlag
ADC2.NbrOfConversionFlag=1
ADC2.Rank-0\#ChannelRegularConversion=1
ADC2.SamplingTime-0\#ChannelRegularConversion=ADC_SAMPLETIME_3CYCLES
ADC3.Channel-0\#ChannelRegularConversion=ADC_CHANNEL_14
ADC3.IPParameters=Rank-0\#ChannelRegularConversion,Channel-0\#ChannelRegularConversion,SamplingTime-0\#ChannelRegularConversion,NbrOfConversionFlag
ADC3.NbrOfConversionFlag=1
ADC3.Rank-0\#ChannelRegularConversion=1
ADC3.SamplingTime-0\#ChannelRegularConversion=ADC_SAMPLETIME_3CYCLES
Dma.ADC1.3.Direction=DMA_PERIPH_TO_MEMORY
Dma.ADC1.3.FIFOMode=DMA_FIFOMODE_DISABLE
Dma.ADC1.3.Instance=DMA2_Stream4
Dma.ADC1.3.MemDataAlignment=DMA_MDATAALIGN_HALFWORD
Dma.ADC1.3.MemInc=DMA_MINC_ENABLE
Dma.ADC1.3.Mode=DMA_NORMAL
Dma.ADC1.3.PeriphDataAlignment=DMA_PDATAALIGN_HALFWORD
Dma.ADC1.3.PeriphInc=DMA_PINC_DISABLE
Dma.ADC1.3.Priority=DMA_PRIORITY_LOW
Dma.ADC1.3.RequestParameters=Instance,Direction,PeriphInc,MemInc,PeriphDataAlignment,MemDataAlignment,Mode,Priority,FIFOMode
Dma.ADC2.2.Direction=DMA_PERIPH_TO_MEMORY
Dma.ADC2.2.FIFOMode=DMA_FIFOMODE_DISABLE
Dma.ADC2.2.Instance=DMA2_Stream2
Dma.ADC2.2.MemDataAlignment=DMA_MDATAALIGN_HALFWORD
Dma.ADC2.2.MemInc=DMA_MINC_ENABLE
Dma.ADC2.2.Mode=DMA_NORMAL
Dma.ADC2.2.PeriphDataAlignment=DMA_PDATAALIGN_HALFWORD
Dma.ADC2.2.PeriphInc=DMA_PINC_DISABLE
Dma.ADC2.2.Priority=DMA_PRIORITY_LOW
Dma.ADC2.2.RequestParameters=Instance,Direction,PeriphInc,MemInc,PeriphDataAlignment,MemDataAlignment,Mode,Priority,FIFOMode
Dma.ADC3.4.Direction=DMA_PERIPH_TO_MEMORY
Dma.ADC3.4.FIFOMode=DMA_FIFOMODE_DISABLE
Dma.ADC3.4.Instance=DMA2_Stream0
Dma.ADC3.4.MemDataAlignment=DMA_MDATAALIGN_HALFWORD
Dma.ADC3.4.MemInc=DMA_MINC_ENABLE
Dma.ADC3.4.Mode=DMA_NORMAL
Dma.ADC3.4.PeriphDataAlignment=DMA_PDATAALIGN_HALFWORD
Dma.ADC3.4.PeriphInc=DMA_PINC_DISABLE
Dma.ADC3.4.Priority=DMA_PRIORITY_LOW
Dma.ADC3.4.RequestParameters=Instance,Direction,PeriphInc,MemInc,PeriphDataAlignment,MemDataAlignment,Mode,Priority,FIFOMode
Dma.Request0=TIM6_UP
Dma.Request1=TIM7_UP
Dma.Request10=SPI3_RX
Dma.Request11=SPI3_TX
Dma.Request12=USART6_TX
Dma.Request13=USART1_RX
Dma.Request14=USART1_TX
Dma.Request15=USART2_RX
Dma.Request2=ADC2
Dma.Request3=ADC1
Dma.Request4=ADC3
Dma.Request5=UART8_RX
Dma.Request6=UART8_TX
Dma.Request7=UART7_RX
Dma.Request8=SPI4_RX
Dma.Request9=SPI4_TX
Dma.RequestsNb=16
Dma.SPI3_RX.10.Direction=DMA_PERIPH_TO_MEMORY
Dma.SPI3_RX.10.FIFOMode=DMA_FIFOMODE_DISABLE
Dma.SPI3_RX.10.Instance=DMA1_Stream2
Dma.SPI3_RX.10.MemDataAlignment=DMA_MDATAALIGN_BYTE
Dma.SPI3_RX.10.MemInc=DMA_MINC_ENABLE
Dma.SPI3_RX.10.Mode=DMA_NORMAL
Dma.SPI3_RX.10.PeriphDataAlignment=DMA_PDATAALIGN_BYTE
Dma.SPI3_RX.10.PeriphInc=DMA_PINC_DISABLE
Dma.SPI3_RX.10.Priority=DMA_PRIORITY_LOW
Dma.SPI3_RX.10.RequestParameters=Instance,Direction,PeriphInc,MemInc,PeriphDataAlignment,MemDataAlignment,Mode,Priority,FIFOMode
Dma.SPI3_TX.11.Direction=DMA_MEMORY_TO_PERIPH
Dma.SPI3_TX.11.FIFOMode=DMA_FIFOMODE_DISABLE
Dma.SPI3_TX.11.Instance=DMA1_Stream7
Dma.SPI3_TX.11.MemDataAlignment=DMA_MDATAALIGN_BYTE
Dma.SPI3_TX.11.MemInc=DMA_MINC_ENABLE
Dma.SPI3_TX.11.Mode=DMA_NORMAL
Dma.SPI3_TX.11.PeriphDataAlignment=DMA_PDATAALIGN_BYTE
Dma.SPI3_TX.11.PeriphInc=DMA_PINC_DISABLE
Dma.SPI3_TX.11.Priority=DMA_PRIORITY_LOW
Dma.SPI3_TX.11.RequestParameters=Instance,Direction,PeriphInc,MemInc,PeriphDataAlignment,MemDataAlignment,Mode,Priority,FIFOMode
Dma.SPI4_RX.8.Direction=DMA_PERIPH_TO_MEMORY
Dma.SPI4_RX.8.FIFOMode=DMA_FIFOMODE_DISABLE
Dma.SPI4_RX.8.Instance=DMA2_Stream3
Dma.SPI4_RX.8.MemDataAlignment=DMA_MDATAALIGN_BYTE
Dma.SPI4_RX.8.MemInc=DMA_MINC_ENABLE
Dma.SPI4_RX.8.Mode=DMA_NORMAL
Dma.SPI4_RX.8.PeriphDataAlignment=DMA_PDATAALIGN_BYTE
Dma.SPI4_RX.8.PeriphInc=DMA_PINC_DISABLE
Dma.SPI4_RX.8.Priority=DMA_PRIORITY_LOW
Dma.SPI4_RX.8.RequestParameters=Instance,Direction,PeriphInc,MemInc,PeriphDataAlignment,MemDataAlignment,Mode,Priority,FIFOMode
Dma.SPI4_TX.9.Direction=DMA_MEMORY_TO_PERIPH
Dma.SPI4_TX.9.FIFOMode=DMA_FIFOMODE_DISABLE
Dma.SPI4_TX.9.Instance=DMA2_Stream1
Dma.SPI4_TX.9.MemDataAlignment=DMA_MDATAALIGN_BYTE
Dma.SPI4_TX.9.MemInc=DMA_MINC_ENABLE
Dma.SPI4_TX.9.Mode=DMA_NORMAL
Dma.SPI4_TX.9.PeriphDataAlignment=DMA_PDATAALIGN_BYTE
Dma.SPI4_TX.9.PeriphInc=DMA_PINC_DISABLE
Dma.SPI4_TX.9.Priority=DMA_PRIORITY_LOW
Dma.SPI4_TX.9.RequestParameters=Instance,Direction,PeriphInc,MemInc,PeriphDataAlignment,MemDataAlignment,Mode,Priority,FIFOMode
Dma.TIM6_UP.0.Direction=DMA_PERIPH_TO_MEMORY
Dma.TIM6_UP.0.FIFOMode=DMA_FIFOMODE_DISABLE
Dma.TIM6_UP.0.Instance=DMA1_Stream1
Dma.TIM6_UP.0.MemDataAlignment=DMA_MDATAALIGN_HALFWORD
Dma.TIM6_UP.0.MemInc=DMA_MINC_ENABLE
Dma.TIM6_UP.0.Mode=DMA_NORMAL
Dma.TIM6_UP.0.PeriphDataAlignment=DMA_PDATAALIGN_HALFWORD
Dma.TIM6_UP.0.PeriphInc=DMA_PINC_DISABLE
Dma.TIM6_UP.0.Priority=DMA_PRIORITY_LOW
Dma.TIM6_UP.0.RequestParameters=Instance,Direction,PeriphInc,MemInc,PeriphDataAlignment,MemDataAlignment,Mode,Priority,FIFOMode
Dma.TIM7_UP.1.Direction=DMA_PERIPH_TO_MEMORY
Dma.TIM7_UP.1.FIFOMode=DMA_FIFOMODE_DISABLE
Dma.TIM7_UP.1.Instance=DMA1_Stream4
Dma.TIM7_UP.1.MemDataAlignment=DMA_MDATAALIGN_HALFWORD
Dma.TIM7_UP.1.MemInc=DMA_MINC_ENABLE
Dma.TIM7_UP.1.Mode=DMA_NORMAL
Dma.TIM7_UP.1.PeriphDataAlignment=DMA_PDATAALIGN_HALFWORD
Dma.TIM7_UP.1.PeriphInc=DMA_PINC_DISABLE
Dma.TIM7_UP.1.Priority=DMA_PRIORITY_LOW
Dma.TIM7_UP.1.RequestParameters=Instance,Direction,PeriphInc,MemInc,PeriphDataAlignment,MemDataAlignment,Mode,Priority,FIFOMode
Dma.UART7_RX.7.Direction=DMA_PERIPH_TO_MEMORY
Dma.UART7_RX.7.FIFOMode=DMA_FIFOMODE_DISABLE
Dma.UART7_RX.7.Instance=DMA1_Stream3
Dma.UART7_RX.7.MemDataAlignment=DMA_MDATAALIGN_BYTE
Dma.UART7_RX.7.MemInc=DMA_MINC_ENABLE
Dma.UART7_RX.7.Mode=DMA_NORMAL
Dma.UART7_RX.7.PeriphDataAlignment=DMA_PDATAALIGN_BYTE
Dma.UART7_RX.7.PeriphInc=DMA_PINC_DISABLE
Dma.UART7_RX.7.Priority=DMA_PRIORITY_LOW
Dma.UART7_RX.7.RequestParameters=Instance,Direction,PeriphInc,MemInc,PeriphDataAlignment,MemDataAlignment,Mode,Priority,FIFOMode
Dma.UART8_RX.5.Direction=DMA_PERIPH_TO_MEMORY
Dma.UART8_RX.5.FIFOMode=DMA_FIFOMODE_DISABLE
Dma.UART8_RX.5.Instance=DMA1_Stream6
Dma.UART8_RX.5.MemDataAlignment=DMA_MDATAALIGN_BYTE
Dma.UART8_RX.5.MemInc=DMA_MINC_ENABLE
Dma.UART8_RX.5.Mode=DMA_NORMAL
Dma.UART8_RX.5.PeriphDataAlignment=DMA_PDATAALIGN_BYTE
Dma.UART8_RX.5.PeriphInc=DMA_PINC_DISABLE
Dma.UART8_RX.5.Priority=DMA_PRIORITY_LOW
Dma.UART8_RX.5.RequestParameters=Instance,Direction,PeriphInc,MemInc,PeriphDataAlignment,MemDataAlignment,Mode,Priority,FIFOMode
Dma.UART8_TX.6.Direction=DMA_MEMORY_TO_PERIPH
Dma.UART8_TX.6.FIFOMode=DMA_FIFOMODE_DISABLE
Dma.UART8_TX.6.Instance=DMA1_Stream0
Dma.UART8_TX.6.MemDataAlignment=DMA_MDATAALIGN_BYTE
Dma.UART8_TX.6.MemInc=DMA_MINC_ENABLE
Dma.UART8_TX.6.Mode=DMA_NORMAL
Dma.UART8_TX.6.PeriphDataAlignment=DMA_PDATAALIGN_BYTE
Dma.UART8_TX.6.PeriphInc=DMA_PINC_DISABLE
Dma.UART8_TX.6.Priority=DMA_PRIORITY_LOW
Dma.UART8_TX.6.RequestParameters=Instance,Direction,PeriphInc,MemInc,PeriphDataAlignment,MemDataAlignment,Mode,Priority,FIFOMode
Dma.USART1_RX.13.Direction=DMA_PERIPH_TO_MEMORY
Dma.USART1_RX.13.FIFOMode=DMA_FIFOMODE_DISABLE
Dma.USART1_RX.13.Instance=DMA2_Stream5
Dma.USART1_RX.13.MemDataAlignment=DMA_MDATAALIGN_BYTE
Dma.USART1_RX.13.MemInc=DMA_MINC_ENABLE
Dma.USART1_RX.13.Mode=DMA_NORMAL
Dma.USART1_RX.13.PeriphDataAlignment=DMA_PDATAALIGN_BYTE
Dma.USART1_RX.13.PeriphInc=DMA_PINC_DISABLE
Dma.USART1_RX.13.Priority=DMA_PRIORITY_LOW
Dma.USART1_RX.13.RequestParameters=Instance,Direction,PeriphInc,MemInc,PeriphDataAlignment,MemDataAlignment,Mode,Priority,FIFOMode
Dma.USART1_TX.14.Direction=DMA_MEMORY_TO_PERIPH
Dma.USART1_TX.14.FIFOMode=DMA_FIFOMODE_DISABLE
Dma.USART1_TX.14.Instance=DMA2_Stream7
Dma.USART1_TX.14.MemDataAlignment=DMA_MDATAALIGN_BYTE
Dma.USART1_TX.14.MemInc=DMA_MINC_ENABLE
Dma.USART1_TX.14.Mode=DMA_NORMAL
Dma.USART1_TX.14.PeriphDataAlignment=DMA_PDATAALIGN_BYTE
Dma.USART1_TX.14.PeriphInc=DMA_PINC_DISABLE
Dma.USART1_TX.14.Priority=DMA_PRIORITY_LOW
Dma.USART1_TX.14.RequestParameters=Instance,Direction,PeriphInc,MemInc,PeriphDataAlignment,MemDataAlignment,Mode,Priority,FIFOMode
Dma.USART2_RX.15.Direction=DMA_PERIPH_TO_MEMORY
Dma.USART2_RX.15.FIFOMode=DMA_FIFOMODE_DISABLE
Dma.USART2_RX.15.Instance=DMA1_Stream5
Dma.USART2_RX.15.MemDataAlignment=DMA_MDATAALIGN_BYTE
Dma.USART2_RX.15.MemInc=DMA_MINC_ENABLE
Dma.USART2_RX.15.Mode=DMA_NORMAL
Dma.USART2_RX.15.PeriphDataAlignment=DMA_PDATAALIGN_BYTE
Dma.USART2_RX.15.PeriphInc=DMA_PINC_DISABLE
Dma.USART2_RX.15.Priority=DMA_PRIORITY_LOW
Dma.USART2_RX.15.RequestParameters=Instance,Direction,PeriphInc,MemInc,PeriphDataAlignment,MemDataAlignment,Mode,Priority,FIFOMode
Dma.USART6_TX.12.Direction=DMA_MEMORY_TO_PERIPH
Dma.USART6_TX.12.FIFOMode=DMA_FIFOMODE_DISABLE
Dma.USART6_TX.12.Instance=DMA2_Stream6
Dma.USART6_TX.12.MemDataAlignment=DMA_MDATAALIGN_BYTE
Dma.USART6_TX.12.MemInc=DMA_MINC_ENABLE
Dma.USART6_TX.12.Mode=DMA_NORMAL
Dma.USART6_TX.12.PeriphDataAlignment=DMA_PDATAALIGN_BYTE
Dma.USART6_TX.12.PeriphInc=DMA_PINC_DISABLE
Dma.USART6_TX.12.Priority=DMA_PRIORITY_LOW
Dma.USART6_TX.12.RequestParameters=Instance,Direction,PeriphInc,MemInc,PeriphDataAlignment,MemDataAlignment,Mode,Priority,FIFOMode
FREERTOS.FootprintOK=true
FREERTOS.IPParameters=Tasks01,configTOTAL_HEAP_SIZE,configUSE_NEWLIB_REENTRANT,FootprintOK
FREERTOS.Tasks01=defaultTask,24,128,StartDefaultTask,Default,NULL,Dynamic,NULL,NULL;myTask02,8,128,StartTask02,Default,NULL,Dynamic,NULL,NULL
FREERTOS.configTOTAL_HEAP_SIZE=25360
FREERTOS.configUSE_NEWLIB_REENTRANT=1
File.Version=6
GPIO.groupedBy=Group By Peripherals
KeepUserPlacement=false
Mcu.Family=STM32F4
Mcu.IP0=ADC1
Mcu.IP1=ADC2
Mcu.IP10=SPI5
Mcu.IP11=SYS
Mcu.IP12=TIM6
Mcu.IP13=TIM7
Mcu.IP14=UART7
Mcu.IP15=UART8
Mcu.IP16=USART1
Mcu.IP17=USART2
Mcu.IP18=USART3
Mcu.IP19=USART6
Mcu.IP2=ADC3
Mcu.IP20=USB_DEVICE
Mcu.IP21=USB_OTG_FS
Mcu.IP3=DMA
Mcu.IP4=FREERTOS
Mcu.IP5=NVIC
Mcu.IP6=RCC
Mcu.IP7=SPI2
Mcu.IP8=SPI3
Mcu.IP9=SPI4
Mcu.IPNb=22
Mcu.Name=STM32F427A(G-I)Hx
Mcu.Package=UFBGA169
Mcu.Pin0=PI6
Mcu.Pin1=PE1
Mcu.Pin10=PE0
Mcu.Pin11=PB7
Mcu.Pin12=PB3
Mcu.Pin13=PD6
Mcu.Pin14=PC11
Mcu.Pin15=PI2
Mcu.Pin16=PB6
Mcu.Pin17=PD5
Mcu.Pin18=PC10
Mcu.Pin19=PI1
Mcu.Pin2=PB4
Mcu.Pin20=PE5
Mcu.Pin21=PE6
Mcu.Pin22=PA11
Mcu.Pin23=PA12
Mcu.Pin24=PA13
Mcu.Pin25=PC6
Mcu.Pin26=PC7
Mcu.Pin27=PG8
Mcu.Pin28=PH1/OSC_OUT
Mcu.Pin29=PH0/OSC_IN
Mcu.Pin3=PD3
Mcu.Pin30=PF4
Mcu.Pin31=PC0
Mcu.Pin32=PG6
Mcu.Pin33=PG7
Mcu.Pin34=PG5
Mcu.Pin35=PC1
Mcu.Pin36=PC2
Mcu.Pin37=PC3
Mcu.Pin38=PG4
Mcu.Pin39=PG2
Mcu.Pin4=PC12
Mcu.Pin40=PA0/WKUP
Mcu.Pin41=PE8
Mcu.Pin42=PD15
Mcu.Pin43=PD12
Mcu.Pin44=PA1
Mcu.Pin45=PA2
Mcu.Pin46=PA3
Mcu.Pin47=PA7
Mcu.Pin48=PB1
Mcu.Pin49=PD9
Mcu.Pin5=PA14
Mcu.Pin50=PH3
Mcu.Pin51=PC4
Mcu.Pin52=PF15
Mcu.Pin53=PH12
Mcu.Pin54=PA5
Mcu.Pin55=PC5
Mcu.Pin56=PF11
Mcu.Pin57=PH7
Mcu.Pin58=PH11
Mcu.Pin59=PA4
Mcu.Pin6=PI3
Mcu.Pin60=PA6
Mcu.Pin61=PB0
Mcu.Pin62=PF12
Mcu.Pin63=PG0
Mcu.Pin64=PE7
Mcu.Pin65=PH6
Mcu.Pin66=PH10
Mcu.Pin67=VP_ADC1_TempSens_Input
Mcu.Pin68=VP_FREERTOS_VS_CMSIS_V2
Mcu.Pin69=VP_SYS_VS_tim9
Mcu.Pin7=PI7
Mcu.Pin70=VP_TIM6_VS_ClockSourceINT
Mcu.Pin71=VP_TIM7_VS_ClockSourceINT
Mcu.Pin72=VP_USB_DEVICE_VS_USB_DEVICE_CDC_FS
Mcu.Pin8=PE2
Mcu.Pin9=PI4
Mcu.PinsNb=73
Mcu.ThirdPartyNb=0
Mcu.UserConstants=
Mcu.UserName=STM32F427AIHx
MxCube.Version=6.3.0
MxDb.Version=DB.6.0.30
NVIC.ADC_IRQn=true\:5\:0\:false\:false\:true\:true\:true\:true
NVIC.BusFault_IRQn=true\:0\:0\:false\:false\:true\:false\:false\:false
NVIC.DMA1_Stream0_IRQn=true\:5\:0\:false\:false\:true\:true\:false\:true
NVIC.DMA1_Stream1_IRQn=true\:5\:0\:false\:false\:true\:true\:false\:true
NVIC.DMA1_Stream2_IRQn=true\:5\:0\:false\:false\:true\:true\:false\:true
NVIC.DMA1_Stream3_IRQn=true\:5\:0\:false\:false\:true\:true\:false\:true
NVIC.DMA1_Stream4_IRQn=true\:5\:0\:false\:false\:true\:true\:false\:true
NVIC.DMA1_Stream5_IRQn=true\:5\:0\:false\:false\:true\:true\:false\:true
NVIC.DMA1_Stream6_IRQn=true\:5\:0\:false\:false\:true\:true\:false\:true
NVIC.DMA1_Stream7_IRQn=true\:5\:0\:false\:false\:true\:true\:false\:true
NVIC.DMA2_Stream0_IRQn=true\:5\:0\:false\:false\:true\:true\:false\:true
NVIC.DMA2_Stream1_IRQn=true\:5\:0\:false\:false\:true\:true\:false\:true
NVIC.DMA2_Stream2_IRQn=true\:5\:0\:false\:false\:true\:true\:false\:true
NVIC.DMA2_Stream3_IRQn=true\:5\:0\:false\:false\:true\:true\:false\:true
NVIC.DMA2_Stream4_IRQn=true\:5\:0\:false\:false\:true\:true\:false\:true
NVIC.DMA2_Stream5_IRQn=true\:5\:0\:false\:false\:true\:true\:false\:true
NVIC.DMA2_Stream6_IRQn=true\:5\:0\:false\:false\:true\:true\:false\:true
NVIC.DMA2_Stream7_IRQn=true\:5\:0\:false\:false\:true\:true\:false\:true
NVIC.DebugMonitor_IRQn=true\:0\:0\:false\:false\:true\:false\:false\:false
NVIC.ForceEnableDMAVector=true
NVIC.HardFault_IRQn=true\:0\:0\:false\:false\:true\:false\:false\:false
NVIC.MemoryManagement_IRQn=true\:0\:0\:false\:false\:true\:false\:false\:false
NVIC.NonMaskableInt_IRQn=true\:0\:0\:false\:false\:true\:false\:false\:false
NVIC.OTG_FS_IRQn=true\:5\:0\:false\:false\:true\:true\:false\:true
NVIC.PendSV_IRQn=true\:15\:0\:false\:false\:false\:true\:false\:false
NVIC.PriorityGroup=NVIC_PRIORITYGROUP_4
NVIC.RCC_IRQn=true\:5\:0\:false\:false\:true\:true\:true\:false
NVIC.SPI3_IRQn=true\:5\:0\:false\:false\:true\:true\:true\:true
NVIC.SPI4_IRQn=true\:5\:0\:false\:false\:true\:true\:true\:true
NVIC.SPI5_IRQn=true\:5\:0\:false\:false\:true\:true\:true\:true
NVIC.SVCall_IRQn=true\:0\:0\:false\:false\:false\:false\:false\:false
NVIC.SavedPendsvIrqHandlerGenerated=true
NVIC.SavedSvcallIrqHandlerGenerated=true
NVIC.SavedSystickIrqHandlerGenerated=true
NVIC.SysTick_IRQn=true\:15\:0\:false\:false\:false\:true\:false\:true
NVIC.TIM1_BRK_TIM9_IRQn=true\:15\:0\:false\:false\:true\:false\:false\:true
NVIC.TIM6_DAC_IRQn=true\:5\:0\:false\:false\:true\:true\:true\:true
NVIC.TIM7_IRQn=true\:5\:0\:false\:false\:true\:true\:true\:true
NVIC.TimeBase=TIM1_BRK_TIM9_IRQn
NVIC.TimeBaseIP=TIM9
NVIC.UART7_IRQn=true\:5\:0\:false\:false\:true\:true\:true\:true
NVIC.UART8_IRQn=true\:5\:0\:false\:false\:true\:true\:true\:true
NVIC.USART1_IRQn=true\:5\:0\:false\:false\:true\:true\:true\:true
NVIC.USART2_IRQn=true\:5\:0\:false\:false\:true\:true\:true\:true
NVIC.USART3_IRQn=true\:5\:0\:false\:false\:true\:true\:true\:true
NVIC.USART6_IRQn=true\:5\:0\:false\:false\:true\:true\:true\:true
NVIC.UsageFault_IRQn=true\:0\:0\:false\:false\:true\:false\:false\:false
PA0/WKUP.Signal=ADCx_IN0
PA1.Signal=ADCx_IN1
PA11.Mode=Device_Only
PA11.Signal=USB_OTG_FS_DM
PA12.Mode=Device_Only
PA12.Signal=USB_OTG_FS_DP
PA13.Mode=Serial_Wire
PA13.Signal=SYS_JTMS-SWDIO
PA14.Mode=Serial_Wire
PA14.Signal=SYS_JTCK-SWCLK
PA2.Signal=ADCx_IN2
PA3.Signal=ADCx_IN3
PA4.Signal=ADCx_IN4
PA5.Signal=ADCx_IN5
PA6.Signal=ADCx_IN6
PA7.Signal=ADCx_IN7
PB0.Signal=ADCx_IN8
PB1.Signal=ADCx_IN9
PB3.GPIOParameters=GPIO_Label
PB3.GPIO_Label=MAIN_FM_SCK
PB3.Mode=Full_Duplex_Master
PB3.Signal=SPI3_SCK
PB4.GPIOParameters=GPIO_Label
PB4.GPIO_Label=MAIN_FM_MISO
PB4.Mode=Full_Duplex_Master
PB4.Signal=SPI3_MISO
PB6.Mode=Asynchronous
PB6.Signal=USART1_TX
PB7.Mode=Asynchronous
PB7.Signal=USART1_RX
PC0.Signal=ADCx_IN10
PC1.Signal=ADCx_IN11
PC10.Mode=Asynchronous
PC10.Signal=USART3_TX
PC11.Mode=Asynchronous
PC11.Signal=USART3_RX
PC12.GPIOParameters=GPIO_Label
PC12.GPIO_Label=MAIN_FM_MOSI
PC12.Mode=Full_Duplex_Master
PC12.Signal=SPI3_MOSI
PC2.Signal=ADCx_IN12
PC3.Signal=ADCx_IN13
PC4.Signal=ADCx_IN14
PC5.Signal=ADCx_IN15
PC6.Mode=Asynchronous
PC6.Signal=USART6_TX
PC7.Mode=Asynchronous
PC7.Signal=USART6_RX
PD12.Locked=true
PD12.Signal=GPIO_Output
PD15.Locked=true
PD15.Signal=GPIO_Output
PD3.GPIOParameters=GPIO_Label
PD3.GPIO_Label=MAIN_FM_CS
PD3.Locked=true
PD3.Signal=GPIO_Output
PD5.Mode=Asynchronous
PD5.Signal=USART2_TX
PD6.Mode=Asynchronous
PD6.Signal=USART2_RX
PD9.Locked=true
PD9.Signal=GPIO_Output
PE0.Mode=Asynchronous
PE0.Signal=UART8_RX
PE1.Mode=Asynchronous
PE1.Signal=UART8_TX
PE2.Mode=Full_Duplex_Master
PE2.Signal=SPI4_SCK
PE5.GPIOParameters=GPIO_Label
PE5.GPIO_Label=SMSN_FM_MISO_OBC
PE5.Mode=Full_Duplex_Master
PE5.Signal=SPI4_MISO
PE6.GPIOParameters=GPIO_Label
PE6.GPIO_Label=SMSN_FM_MOSI_OBC
PE6.Mode=Full_Duplex_Master
PE6.Signal=SPI4_MOSI
PE7.GPIOParameters=GPIO_Label
PE7.GPIO_Label=DEBUG_RX_OBC
PE7.Mode=Asynchronous
PE7.Signal=UART7_RX
PE8.GPIOParameters=GPIO_Label
PE8.GPIO_Label=DEBUG_TX_OBC
PE8.Mode=Asynchronous
PE8.Signal=UART7_TX
PF11.Mode=Full_Duplex_Master
PF11.Signal=SPI5_MOSI
PF12.GPIOParameters=GPIO_Label
PF12.GPIO_Label=CS_MAG
PF12.Locked=true
PF12.Signal=GPIO_Output
PF15.GPIOParameters=GPIO_Label
PF15.GPIO_Label=MAG_INT
PF15.Locked=true
PF15.Signal=GPIO_Output
PF4.Mode=IN14
PF4.Signal=ADC3_IN14
PG0.GPIOParameters=GPIO_Label
PG0.GPIO_Label=MPU_INT
PG0.Locked=true
PG0.Signal=GPIO_Output
PG2.Locked=true
PG2.Signal=GPIO_Output
PG4.Locked=true
PG4.Signal=GPIO_Output
PG5.Locked=true
PG5.Signal=GPIO_Output
PG6.GPIOParameters=GPIO_Label
PG6.GPIO_Label=MUX_EN
PG6.Locked=true
PG6.Signal=GPIO_Output
PG7.Locked=true
PG7.Signal=GPIO_Output
PG8.Locked=true
PG8.Signal=GPIO_Output
PH0/OSC_IN.Mode=HSE-External-Oscillator
PH0/OSC_IN.Signal=RCC_OSC_IN
PH1/OSC_OUT.Mode=HSE-External-Oscillator
PH1/OSC_OUT.Signal=RCC_OSC_OUT
PH10.GPIOParameters=GPIO_Label
PH10.GPIO_Label=CS_MPU
PH10.Locked=true
PH10.Signal=GPIO_Output
PH11.GPIOParameters=GPIO_Label
PH11.GPIO_Label=EN_3V3_COM
PH11.Locked=true
PH11.Signal=GPIO_Output
PH12.GPIOParameters=GPIO_Label
PH12.GPIO_Label=EN_4V
PH12.Locked=true
PH12.Signal=GPIO_Output
PH3.GPIOParameters=GPIO_Label
PH3.GPIO_Label=MAG_DRDY
PH3.Locked=true
PH3.Signal=GPIO_Output
PH6.Mode=Full_Duplex_Master
PH6.Signal=SPI5_SCK
PH7.Mode=Full_Duplex_Master
PH7.Signal=SPI5_MISO
PI1.Mode=Full_Duplex_Master
PI1.Signal=SPI2_SCK
PI2.Mode=Full_Duplex_Master
PI2.Signal=SPI2_MISO
PI3.Mode=Full_Duplex_Master
PI3.Signal=SPI2_MOSI
PI4.GPIOParameters=GPIO_Label
PI4.GPIO_Label=EN_4V_DCDC
PI4.Locked=true
PI4.Signal=GPIO_Output
PI6.GPIOParameters=GPIO_Label
PI6.GPIO_Label=SMSN_FM_CS_OBC
PI6.Locked=true
PI6.Signal=GPIO_Output
PI7.GPIOParameters=GPIO_Label
PI7.GPIO_Label=MSN_FM_MODE
PI7.Locked=true
PI7.Signal=GPIO_Output
PinOutPanel.CurrentBGAView=Top
PinOutPanel.RotationAngle=0
ProjectManager.AskForMigrate=true
ProjectManager.BackupPrevious=false
ProjectManager.CompilerOptimize=6
ProjectManager.ComputerToolchain=false
ProjectManager.CoupleFile=true
ProjectManager.CustomerFirmwarePackage=
ProjectManager.DefaultFWLocation=true
ProjectManager.DeletePrevious=true
ProjectManager.DeviceId=STM32F427AIHx
ProjectManager.FirmwarePackage=STM32Cube FW_F4 V1.26.2
ProjectManager.FreePins=false
ProjectManager.HalAssertFull=false
ProjectManager.HeapSize=0x200
ProjectManager.KeepUserCode=true
ProjectManager.LastFirmware=true
ProjectManager.LibraryCopy=2
ProjectManager.MainLocation=Core/Src
ProjectManager.NoMain=false
ProjectManager.PreviousToolchain=STM32CubeIDE
ProjectManager.ProjectBuild=false
ProjectManager.ProjectFileName=MUNAL_EM.ioc
ProjectManager.ProjectName=MUNAL_EM
ProjectManager.RegisterCallBack=
ProjectManager.StackSize=0x400
ProjectManager.TargetToolchain=STM32CubeIDE
ProjectManager.ToolChainLocation=
ProjectManager.UnderRoot=true
ProjectManager.functionlistsort=1-SystemClock_Config-RCC-false-HAL-false,2-MX_GPIO_Init-GPIO-false-HAL-true,3-MX_SPI3_Init-SPI3-false-HAL-true,4-MX_UART7_Init-UART7-false-HAL-true,5-MX_USB_DEVICE_Init-USB_DEVICE-false-HAL-false,6-MX_SPI4_Init-SPI4-false-HAL-true,7-MX_ADC1_Init-ADC1-false-HAL-true,8-MX_DMA_Init-DMA-false-HAL-true,9-MX_TIM6_Init-TIM6-false-HAL-true,10-MX_ADC3_Init-ADC3-false-HAL-true,11-MX_TIM7_Init-TIM7-false-HAL-true,12-MX_ADC2_Init-ADC2-false-HAL-true,13-MX_UART8_Init-UART8-false-HAL-true,14-MX_USART6_UART_Init-USART6-false-HAL-true,15-MX_USART3_UART_Init-USART3-false-HAL-true,16-MX_USART1_UART_Init-USART1-false-HAL-true,17-MX_SPI5_Init-SPI5-false-HAL-true,18-MX_SPI2_Init-SPI2-false-HAL-true,19-MX_USART2_UART_Init-USART2-false-HAL-true
RCC.48MHZClocksFreq_Value=48000000
RCC.AHBFreq_Value=168000000
RCC.APB1CLKDivider=RCC_HCLK_DIV4
RCC.APB1Freq_Value=42000000
RCC.APB1TimFreq_Value=84000000
RCC.APB2CLKDivider=RCC_HCLK_DIV2
RCC.APB2Freq_Value=84000000
RCC.APB2TimFreq_Value=168000000
RCC.CortexFreq_Value=168000000
RCC.EthernetFreq_Value=168000000
RCC.FCLKCortexFreq_Value=168000000
RCC.FamilyName=M
RCC.HCLKFreq_Value=168000000
RCC.HSE_VALUE=24000000
RCC.HSI_VALUE=16000000
RCC.I2SClocksFreq_Value=192000000
RCC.IPParameters=48MHZClocksFreq_Value,AHBFreq_Value,APB1CLKDivider,APB1Freq_Value,APB1TimFreq_Value,APB2CLKDivider,APB2Freq_Value,APB2TimFreq_Value,CortexFreq_Value,EthernetFreq_Value,FCLKCortexFreq_Value,FamilyName,HCLKFreq_Value,HSE_VALUE,HSI_VALUE,I2SClocksFreq_Value,LSI_VALUE,MCO2PinFreq_Value,PLLCLKFreq_Value,PLLM,PLLN,PLLQ,PLLQCLKFreq_Value,RTCFreq_Value,RTCHSEDivFreq_Value,SAI_AClocksFreq_Value,SAI_BClocksFreq_Value,SYSCLKFreq_VALUE,SYSCLKSource,VCOI2SOutputFreq_Value,VCOInputFreq_Value,VCOOutputFreq_Value,VCOSAIOutputFreq_Value,VCOSAIOutputFreq_ValueQ,VcooutputI2S,VcooutputI2SQ
RCC.LSI_VALUE=32000
RCC.MCO2PinFreq_Value=168000000
RCC.PLLCLKFreq_Value=168000000
RCC.PLLM=12
RCC.PLLN=168
RCC.PLLQ=7
RCC.PLLQCLKFreq_Value=48000000
RCC.RTCFreq_Value=32000
RCC.RTCHSEDivFreq_Value=12000000
RCC.SAI_AClocksFreq_Value=24500000
RCC.SAI_BClocksFreq_Value=24500000
RCC.SYSCLKFreq_VALUE=168000000
RCC.SYSCLKSource=RCC_SYSCLKSOURCE_PLLCLK
RCC.VCOI2SOutputFreq_Value=384000000
RCC.VCOInputFreq_Value=2000000
RCC.VCOOutputFreq_Value=336000000
RCC.VCOSAIOutputFreq_Value=98000000
RCC.VCOSAIOutputFreq_ValueQ=24500000
RCC.VcooutputI2S=192000000
RCC.VcooutputI2SQ=192000000
SH.ADCx_IN0.0=ADC1_IN0,IN0
SH.ADCx_IN0.1=ADC2_IN0,IN0
SH.ADCx_IN0.2=ADC3_IN0,IN0
SH.ADCx_IN0.ConfNb=3
SH.ADCx_IN1.0=ADC2_IN1,IN1
SH.ADCx_IN1.1=ADC1_IN1,IN1
SH.ADCx_IN1.2=ADC3_IN1,IN1
SH.ADCx_IN1.ConfNb=3
SH.ADCx_IN10.0=ADC1_IN10,IN10
SH.ADCx_IN10.1=ADC2_IN10,IN10
SH.ADCx_IN10.2=ADC3_IN10,IN10
SH.ADCx_IN10.ConfNb=3
SH.ADCx_IN11.0=ADC1_IN11,IN11
SH.ADCx_IN11.1=ADC2_IN11,IN11
SH.ADCx_IN11.2=ADC3_IN11,IN11
SH.ADCx_IN11.ConfNb=3
SH.ADCx_IN12.0=ADC1_IN12,IN12
SH.ADCx_IN12.1=ADC2_IN12,IN12
SH.ADCx_IN12.2=ADC3_IN12,IN12
SH.ADCx_IN12.ConfNb=3
SH.ADCx_IN13.0=ADC2_IN13,IN13
SH.ADCx_IN13.1=ADC1_IN13,IN13
SH.ADCx_IN13.ConfNb=2
SH.ADCx_IN14.0=ADC1_IN14,IN14
SH.ADCx_IN14.1=ADC2_IN14,IN14
SH.ADCx_IN14.ConfNb=2
SH.ADCx_IN15.0=ADC1_IN15,IN15
SH.ADCx_IN15.1=ADC2_IN15,IN15
SH.ADCx_IN15.ConfNb=2
SH.ADCx_IN2.0=ADC1_IN2,IN2
SH.ADCx_IN2.1=ADC2_IN2,IN2
SH.ADCx_IN2.2=ADC3_IN2,IN2
SH.ADCx_IN2.ConfNb=3
SH.ADCx_IN3.0=ADC1_IN3,IN3
SH.ADCx_IN3.1=ADC2_IN3,IN3
SH.ADCx_IN3.2=ADC3_IN3,IN3
SH.ADCx_IN3.ConfNb=3
SH.ADCx_IN4.0=ADC1_IN4,IN4
SH.ADCx_IN4.1=ADC2_IN4,IN4
SH.ADCx_IN4.ConfNb=2
SH.ADCx_IN5.0=ADC1_IN5,IN5
SH.ADCx_IN5.1=ADC2_IN5,IN5
SH.ADCx_IN5.ConfNb=2
SH.ADCx_IN6.0=ADC1_IN6,IN6
SH.ADCx_IN6.1=ADC2_IN6,IN6
SH.ADCx_IN6.ConfNb=2
SH.ADCx_IN7.0=ADC1_IN7,IN7
SH.ADCx_IN7.1=ADC2_IN7,IN7
SH.ADCx_IN7.ConfNb=2
SH.ADCx_IN8.0=ADC1_IN8,IN8
SH.ADCx_IN8.1=ADC2_IN8,IN8
SH.ADCx_IN8.ConfNb=2
SH.ADCx_IN9.0=ADC1_IN9,IN9
SH.ADCx_IN9.1=ADC2_IN9,IN9
SH.ADCx_IN9.ConfNb=2
SPI2.CalculateBaudRate=21.0 MBits/s
SPI2.Direction=SPI_DIRECTION_2LINES
SPI2.IPParameters=VirtualType,Mode,Direction,CalculateBaudRate
SPI2.Mode=SPI_MODE_MASTER
SPI2.VirtualType=VM_MASTER
SPI3.BaudRatePrescaler=SPI_BAUDRATEPRESCALER_8
SPI3.CalculateBaudRate=5.25 MBits/s
SPI3.Direction=SPI_DIRECTION_2LINES
SPI3.IPParameters=VirtualType,Mode,Direction,CalculateBaudRate,BaudRatePrescaler
SPI3.Mode=SPI_MODE_MASTER
SPI3.VirtualType=VM_MASTER
SPI4.BaudRatePrescaler=SPI_BAUDRATEPRESCALER_8
SPI4.CalculateBaudRate=10.5 MBits/s
SPI4.Direction=SPI_DIRECTION_2LINES
SPI4.IPParameters=VirtualType,Mode,Direction,CalculateBaudRate,BaudRatePrescaler
SPI4.Mode=SPI_MODE_MASTER
SPI4.VirtualType=VM_MASTER
SPI5.CalculateBaudRate=42.0 MBits/s
SPI5.Direction=SPI_DIRECTION_2LINES
SPI5.IPParameters=VirtualType,Mode,Direction,CalculateBaudRate
SPI5.Mode=SPI_MODE_MASTER
SPI5.VirtualType=VM_MASTER
TIM6.IPParameters=Prescaler,Period
TIM6.Period=10000-1
TIM6.Prescaler=8400-1
TIM7.IPParameters=Period,Prescaler
TIM7.Period=30000-1
TIM7.Prescaler=8400-1
UART7.BaudRate=115200
UART7.IPParameters=VirtualMode,BaudRate
UART7.VirtualMode=Asynchronous
UART8.IPParameters=VirtualMode
UART8.VirtualMode=Asynchronous
USART1.IPParameters=VirtualMode
USART1.VirtualMode=VM_ASYNC
USART2.IPParameters=VirtualMode
USART2.VirtualMode=VM_ASYNC
USART3.IPParameters=VirtualMode
USART3.VirtualMode=VM_ASYNC
USART6.IPParameters=VirtualMode
USART6.VirtualMode=VM_ASYNC
USB_DEVICE.CLASS_NAME_FS=CDC
USB_DEVICE.IPParameters=VirtualMode-CDC_FS,VirtualModeFS,CLASS_NAME_FS
USB_DEVICE.VirtualMode-CDC_FS=Cdc
USB_DEVICE.VirtualModeFS=Cdc_FS
USB_OTG_FS.IPParameters=VirtualMode
USB_OTG_FS.VirtualMode=Device_Only
VP_ADC1_TempSens_Input.Mode=IN-TempSens
VP_ADC1_TempSens_Input.Signal=ADC1_TempSens_Input
VP_FREERTOS_VS_CMSIS_V2.Mode=CMSIS_V2
VP_FREERTOS_VS_CMSIS_V2.Signal=FREERTOS_VS_CMSIS_V2
VP_SYS_VS_tim9.Mode=TIM9
VP_SYS_VS_tim9.Signal=SYS_VS_tim9
VP_TIM6_VS_ClockSourceINT.Mode=Enable_Timer
VP_TIM6_VS_ClockSourceINT.Signal=TIM6_VS_ClockSourceINT
VP_TIM7_VS_ClockSourceINT.Mode=Enable_Timer
VP_TIM7_VS_ClockSourceINT.Signal=TIM7_VS_ClockSourceINT
VP_USB_DEVICE_VS_USB_DEVICE_CDC_FS.Mode=CDC_FS
VP_USB_DEVICE_VS_USB_DEVICE_CDC_FS.Signal=USB_DEVICE_VS_USB_DEVICE_CDC_FS
board=custom
isbadioc=false
